
Microsoft Visual Studio Solution File, Format Version 12.00
# Visual Studio Version 17
VisualStudioVersion = 17.0.31903.59
MinimumVisualStudioVersion = 10.0.40219.1
Project("{2150E333-8FDC-42A3-9474-1A3956D46DE8}") = "src", "src", "{827E0CD3-B72D-47B6-A68D-7590B98EB39B}"
EndProject
Project("{FAE04EC0-301F-11D3-BF4B-00C04F79EFBC}") = "RoomBooking.Domain", "src\RoomBooking.Domain\RoomBooking.Domain.csproj", "{9E6A009F-B9C8-440D-B34F-7DA94358743D}"
EndProject
Project("{FAE04EC0-301F-11D3-BF4B-00C04F79EFBC}") = "RoomBooking.Application", "src\RoomBooking.Application\RoomBooking.Application.csproj", "{55D10BC5-29D5-4EC7-90D4-498F7D50F2A7}"
EndProject
Project("{FAE04EC0-301F-11D3-BF4B-00C04F79EFBC}") = "RoomBooking.Infrastructure", "src\RoomBooking.Infrastructure\RoomBooking.Infrastructure.csproj", "{E8F979D9-ED1A-469D-B93B-3E2F37730A59}"
EndProject
Project("{FAE04EC0-301F-11D3-BF4B-00C04F79EFBC}") = "RoomBooking.API", "src\RoomBooking.API\RoomBooking.API.csproj", "{C17D96F6-136C-4C28-8BB5-4A42AB7DC680}"
EndProject
Project("{2150E333-8FDC-42A3-9474-1A3956D46DE8}") = "tests", "tests", "{C64FB6E0-C700-4DE3-86FE-D261586AE060}"
EndProject
Project("{FAE04EC0-301F-11D3-BF4B-00C04F79EFBC}") = "RoomBooking.Domain.Tests", "tests\RoomBooking.Domain.Tests\RoomBooking.Domain.Tests.csproj", "{A72079E5-A562-4E79-8726-91C781C84095}"
EndProject
Global
	GlobalSection(SolutionConfigurationPlatforms) = preSolution
		Debug|Any CPU = Debug|Any CPU
		Debug|x64 = Debug|x64
		Debug|x86 = Debug|x86
		Release|Any CPU = Release|Any CPU
		Release|x64 = Release|x64
		Release|x86 = Release|x86
	EndGlobalSection
	GlobalSection(ProjectConfigurationPlatforms) = postSolution
		{9E6A009F-B9C8-440D-B34F-7DA94358743D}.Debug|Any CPU.ActiveCfg = Debug|Any CPU
		{9E6A009F-B9C8-440D-B34F-7DA94358743D}.Debug|Any CPU.Build.0 = Debug|Any CPU
		{9E6A009F-B9C8-440D-B34F-7DA94358743D}.Debug|x64.ActiveCfg = Debug|Any CPU
		{9E6A009F-B9C8-440D-B34F-7DA94358743D}.Debug|x64.Build.0 = Debug|Any CPU
		{9E6A009F-B9C8-440D-B34F-7DA94358743D}.Debug|x86.ActiveCfg = Debug|Any CPU
		{9E6A009F-B9C8-440D-B34F-7DA94358743D}.Debug|x86.Build.0 = Debug|Any CPU
		{9E6A009F-B9C8-440D-B34F-7DA94358743D}.Release|Any CPU.ActiveCfg = Release|Any CPU
		{9E6A009F-B9C8-440D-B34F-7DA94358743D}.Release|Any CPU.Build.0 = Release|Any CPU
		{9E6A009F-B9C8-440D-B34F-7DA94358743D}.Release|x64.ActiveCfg = Release|Any CPU
		{9E6A009F-B9C8-440D-B34F-7DA94358743D}.Release|x64.Build.0 = Release|Any CPU
		{9E6A009F-B9C8-440D-B34F-7DA94358743D}.Release|x86.ActiveCfg = Release|Any CPU
		{9E6A009F-B9C8-440D-B34F-7DA94358743D}.Release|x86.Build.0 = Release|Any CPU
		{55D10BC5-29D5-4EC7-90D4-498F7D50F2A7}.Debug|Any CPU.ActiveCfg = Debug|Any CPU
		{55D10BC5-29D5-4EC7-90D4-498F7D50F2A7}.Debug|Any CPU.Build.0 = Debug|Any CPU
		{55D10BC5-29D5-4EC7-90D4-498F7D50F2A7}.Debug|x64.ActiveCfg = Debug|Any CPU
		{55D10BC5-29D5-4EC7-90D4-498F7D50F2A7}.Debug|x64.Build.0 = Debug|Any CPU
		{55D10BC5-29D5-4EC7-90D4-498F7D50F2A7}.Debug|x86.ActiveCfg = Debug|Any CPU
		{55D10BC5-29D5-4EC7-90D4-498F7D50F2A7}.Debug|x86.Build.0 = Debug|Any CPU
		{55D10BC5-29D5-4EC7-90D4-498F7D50F2A7}.Release|Any CPU.ActiveCfg = Release|Any CPU
		{55D10BC5-29D5-4EC7-90D4-498F7D50F2A7}.Release|Any CPU.Build.0 = Release|Any CPU
		{55D10BC5-29D5-4EC7-90D4-498F7D50F2A7}.Release|x64.ActiveCfg = Release|Any CPU
		{55D10BC5-29D5-4EC7-90D4-498F7D50F2A7}.Release|x64.Build.0 = Release|Any CPU
		{55D10BC5-29D5-4EC7-90D4-498F7D50F2A7}.Release|x86.ActiveCfg = Release|Any CPU
		{55D10BC5-29D5-4EC7-90D4-498F7D50F2A7}.Release|x86.Build.0 = Release|Any CPU
		{E8F979D9-ED1A-469D-B93B-3E2F37730A59}.Debug|Any CPU.ActiveCfg = Debug|Any CPU
		{E8F979D9-ED1A-469D-B93B-3E2F37730A59}.Debug|Any CPU.Build.0 = Debug|Any CPU
		{E8F979D9-ED1A-469D-B93B-3E2F37730A59}.Debug|x64.ActiveCfg = Debug|Any CPU
		{E8F979D9-ED1A-469D-B93B-3E2F37730A59}.Debug|x64.Build.0 = Debug|Any CPU
		{E8F979D9-ED1A-469D-B93B-3E2F37730A59}.Debug|x86.ActiveCfg = Debug|Any CPU
		{E8F979D9-ED1A-469D-B93B-3E2F37730A59}.Debug|x86.Build.0 = Debug|Any CPU
		{E8F979D9-ED1A-469D-B93B-3E2F37730A59}.Release|Any CPU.ActiveCfg = Release|Any CPU
		{E8F979D9-ED1A-469D-B93B-3E2F37730A59}.Release|Any CPU.Build.0 = Release|Any CPU
		{E8F979D9-ED1A-469D-B93B-3E2F37730A59}.Release|x64.ActiveCfg = Release|Any CPU
		{E8F979D9-ED1A-469D-B93B-3E2F37730A59}.Release|x64.Build.0 = Release|Any CPU
		{E8F979D9-ED1A-469D-B93B-3E2F37730A59}.Release|x86.ActiveCfg = Release|Any CPU
		{E8F979D9-ED1A-469D-B93B-3E2F37730A59}.Release|x86.Build.0 = Release|Any CPU
		{C17D96F6-136C-4C28-8BB5-4A42AB7DC680}.Debug|Any CPU.ActiveCfg = Debug|Any CPU
		{C17D96F6-136C-4C28-8BB5-4A42AB7DC680}.Debug|Any CPU.Build.0 = Debug|Any CPU
		{C17D96F6-136C-4C28-8BB5-4A42AB7DC680}.Debug|x64.ActiveCfg = Debug|Any CPU
		{C17D96F6-136C-4C28-8BB5-4A42AB7DC680}.Debug|x64.Build.0 = Debug|Any CPU
		{C17D96F6-136C-4C28-8BB5-4A42AB7DC680}.Debug|x86.ActiveCfg = Debug|Any CPU
		{C17D96F6-136C-4C28-8BB5-4A42AB7DC680}.Debug|x86.Build.0 = Debug|Any CPU
		{C17D96F6-136C-4C28-8BB5-4A42AB7DC680}.Release|Any CPU.ActiveCfg = Release|Any CPU
		{C17D96F6-136C-4C28-8BB5-4A42AB7DC680}.Release|Any CPU.Build.0 = Release|Any CPU
		{C17D96F6-136C-4C28-8BB5-4A42AB7DC680}.Release|x64.ActiveCfg = Release|Any CPU
		{C17D96F6-136C-4C28-8BB5-4A42AB7DC680}.Release|x64.Build.0 = Release|Any CPU
		{C17D96F6-136C-4C28-8BB5-4A42AB7DC680}.Release|x86.ActiveCfg = Release|Any CPU
		{C17D96F6-136C-4C28-8BB5-4A42AB7DC680}.Release|x86.Build.0 = Release|Any CPU
		{A72079E5-A562-4E79-8726-91C781C84095}.Debug|Any CPU.ActiveCfg = Debug|Any CPU
		{A72079E5-A562-4E79-8726-91C781C84095}.Debug|Any CPU.Build.0 = Debug|Any CPU
		{A72079E5-A562-4E79-8726-91C781C84095}.Debug|x64.ActiveCfg = Debug|Any CPU
		{A72079E5-A562-4E79-8726-91C781C84095}.Debug|x64.Build.0 = Debug|Any CPU
		{A72079E5-A562-4E79-8726-91C781C84095}.Debug|x86.ActiveCfg = Debug|Any CPU
		{A72079E5-A562-4E79-8726-91C781C84095}.Debug|x86.Build.0 = Debug|Any CPU
		{A72079E5-A562-4E79-8726-91C781C84095}.Release|Any CPU.ActiveCfg = Release|Any CPU
		{A72079E5-A562-4E79-8726-91C781C84095}.Release|Any CPU.Build.0 = Release|Any CPU
		{A72079E5-A562-4E79-8726-91C781C84095}.Release|x64.ActiveCfg = Release|Any CPU
		{A72079E5-A562-4E79-8726-91C781C84095}.Release|x64.Build.0 = Release|Any CPU
		{A72079E5-A562-4E79-8726-91C781C84095}.Release|x86.ActiveCfg = Release|Any CPU
		{A72079E5-A562-4E79-8726-91C781C84095}.Release|x86.Build.0 = Release|Any CPU
	EndGlobalSection
	GlobalSection(SolutionProperties) = preSolution
		HideSolutionNode = FALSE
	EndGlobalSection
	GlobalSection(NestedProjects) = preSolution
		{9E6A009F-B9C8-440D-B34F-7DA94358743D} = {827E0CD3-B72D-47B6-A68D-7590B98EB39B}
		{55D10BC5-29D5-4EC7-90D4-498F7D50F2A7} = {827E0CD3-B72D-47B6-A68D-7590B98EB39B}
		{E8F979D9-ED1A-469D-B93B-3E2F37730A59} = {827E0CD3-B72D-47B6-A68D-7590B98EB39B}
		{C17D96F6-136C-4C28-8BB5-4A42AB7DC680} = {827E0CD3-B72D-47B6-A68D-7590B98EB39B}
		{A72079E5-A562-4E79-8726-91C781C84095} = {C64FB6E0-C700-4DE3-86FE-D261586AE060}
	EndGlobalSection
EndGlobal
